
Microsoft Visual Studio Solution File, Format Version 12.00
# Visual Studio 15
VisualStudioVersion = 15.0.27703.2047
MinimumVisualStudioVersion = 10.0.40219.1
Project("{FAE04EC0-301F-11D3-BF4B-00C04F79EFBC}") = "DataTemplateDemo.Android", "DataTemplateDemo\DataTemplateDemo.Android\DataTemplateDemo.Android.csproj", "{4012CED5-7A82-4FFB-B03B-E5F1F79BEFC6}"
EndProject
Project("{FAE04EC0-301F-11D3-BF4B-00C04F79EFBC}") = "DataTemplateDemo", "DataTemplateDemo\DataTemplateDemo\DataTemplateDemo.csproj", "{DD9AC5EB-3B13-4DE5-A8A4-160AFCDE1EB4}"
EndProject
Global
	GlobalSection(SolutionConfigurationPlatforms) = preSolution
		Debug|Any CPU = Debug|Any CPU
		Release|Any CPU = Release|Any CPU
	EndGlobalSection
	GlobalSection(ProjectConfigurationPlatforms) = postSolution
		{4012CED5-7A82-4FFB-B03B-E5F1F79BEFC6}.Debug|Any CPU.ActiveCfg = Debug|Any CPU
		{4012CED5-7A82-4FFB-B03B-E5F1F79BEFC6}.Debug|Any CPU.Build.0 = Debug|Any CPU
		{4012CED5-7A82-4FFB-B03B-E5F1F79BEFC6}.Debug|Any CPU.Deploy.0 = Debug|Any CPU
		{4012CED5-7A82-4FFB-B03B-E5F1F79BEFC6}.Release|Any CPU.ActiveCfg = Release|Any CPU
		{4012CED5-7A82-4FFB-B03B-E5F1F79BEFC6}.Release|Any CPU.Build.0 = Release|Any CPU
		{4012CED5-7A82-4FFB-B03B-E5F1F79BEFC6}.Release|Any CPU.Deploy.0 = Release|Any CPU
		{DD9AC5EB-3B13-4DE5-A8A4-160AFCDE1EB4}.Debug|Any CPU.ActiveCfg = Debug|Any CPU
		{DD9AC5EB-3B13-4DE5-A8A4-160AFCDE1EB4}.Debug|Any CPU.Build.0 = Debug|Any CPU
		{DD9AC5EB-3B13-4DE5-A8A4-160AFCDE1EB4}.Debug|Any CPU.Deploy.0 = Debug|Any CPU
		{DD9AC5EB-3B13-4DE5-A8A4-160AFCDE1EB4}.Release|Any CPU.ActiveCfg = Release|Any CPU
		{DD9AC5EB-3B13-4DE5-A8A4-160AFCDE1EB4}.Release|Any CPU.Build.0 = Release|Any CPU
		{DD9AC5EB-3B13-4DE5-A8A4-160AFCDE1EB4}.Release|Any CPU.Deploy.0 = Release|Any CPU
	EndGlobalSection
	GlobalSection(SolutionProperties) = preSolution
		HideSolutionNode = FALSE
	EndGlobalSection
	GlobalSection(ExtensibilityGlobals) = postSolution
		SolutionGuid = {44885786-44B7-4E03-9E6C-284A5813ECA2}
	EndGlobalSection
EndGlobal
